
Microsoft Visual Studio Solution File, Format Version 12.00
# Visual Studio Version 16
VisualStudioVersion = 16.0.30907.101
MinimumVisualStudioVersion = 10.0.40219.1
Project("{9A19103F-16F7-4668-BE54-9A1E7A4F7556}") = "YSQLer.Core", "YSQLer.Core\YSQLer.Core.csproj", "{8EACFC24-D805-4AE5-909C-62DD9115A578}"
EndProject
Project("{FAE04EC0-301F-11D3-BF4B-00C04F79EFBC}") = "YSQLer", "YSQLer\YSQLer.csproj", "{6A323CD3-6C88-49BF-93AD-41F7B000F04B}"
EndProject
Global
	GlobalSection(SolutionConfigurationPlatforms) = preSolution
		Debug|Any CPU = Debug|Any CPU
		Release|Any CPU = Release|Any CPU
	EndGlobalSection
	GlobalSection(ProjectConfigurationPlatforms) = postSolution
		{8EACFC24-D805-4AE5-909C-62DD9115A578}.Debug|Any CPU.ActiveCfg = Debug|Any CPU
		{8EACFC24-D805-4AE5-909C-62DD9115A578}.Debug|Any CPU.Build.0 = Debug|Any CPU
		{8EACFC24-D805-4AE5-909C-62DD9115A578}.Release|Any CPU.ActiveCfg = Release|Any CPU
		{8EACFC24-D805-4AE5-909C-62DD9115A578}.Release|Any CPU.Build.0 = Release|Any CPU
		{6A323CD3-6C88-49BF-93AD-41F7B000F04B}.Debug|Any CPU.ActiveCfg = Debug|Any CPU
		{6A323CD3-6C88-49BF-93AD-41F7B000F04B}.Debug|Any CPU.Build.0 = Debug|Any CPU
		{6A323CD3-6C88-49BF-93AD-41F7B000F04B}.Release|Any CPU.ActiveCfg = Release|Any CPU
		{6A323CD3-6C88-49BF-93AD-41F7B000F04B}.Release|Any CPU.Build.0 = Release|Any CPU
	EndGlobalSection
	GlobalSection(SolutionProperties) = preSolution
		HideSolutionNode = FALSE
	EndGlobalSection
	GlobalSection(ExtensibilityGlobals) = postSolution
		SolutionGuid = {E8C65FB4-042F-4B83-84FC-97359CA3E985}
	EndGlobalSection
EndGlobal
